# This file was autogenerated by uv via the following command:
#    uv pip compile resources/python/requirements-integrity.txt --python-version 3.12 --constraint resources/python/requirements-science.lock --constraint resources/python/requirements-managed-compatible.lock --output-file resources/python/requirements-integrity.lock
annotated-types==0.8.0
    # via
    #   -c resources/python/requirements-science.lock
    #   pydantic
imagehash==4.3.2
    # via -r resources/python/requirements-integrity.txt
imageio==2.37.4
    # via scikit-image
lazy-loader==0.5
    # via scikit-image
lxml==6.1.3
    # via
    #   -c resources/python/requirements-science.lock
    #   pikepdf
markdown==3.10.3
    # via -r resources/python/requirements-integrity.txt
networkx==3.6.1
    # via
    #   -c resources/python/requirements-science.lock
    #   scikit-image
numpy==2.5.3
    # via
    #   -c resources/python/requirements-managed-compatible.lock
    #   -c resources/python/requirements-science.lock
    #   -r resources/python/requirements-integrity.txt
    #   imagehash
    #   imageio
    #   opencv-python-headless
    #   pywavelets
    #   scikit-image
    #   scipy
    #   tifffile
opencv-python-headless==4.13.0.92
    # via -r resources/python/requirements-integrity.txt
packaging==26.3
    # via
    #   -c resources/python/requirements-managed-compatible.lock
    #   -c resources/python/requirements-science.lock
    #   lazy-loader
    #   pikepdf
    #   scikit-image
pikepdf==10.13.0.post1
    # via -r resources/python/requirements-integrity.txt
pillow==12.3.0
    # via
    #   -c resources/python/requirements-science.lock
    #   -r resources/python/requirements-integrity.txt
    #   imagehash
    #   imageio
    #   pikepdf
    #   scikit-image
pydantic==2.13.5
    # via
    #   -c resources/python/requirements-science.lock
    #   pydantic-settings
pydantic-core==2.46.5
    # via
    #   -c resources/python/requirements-science.lock
    #   pydantic
pydantic-settings==2.15.0
    # via
    #   -c resources/python/requirements-science.lock
    #   -r resources/python/requirements-integrity.txt
pymupdf==1.28.2
    # via
    #   -c resources/python/requirements-science.lock
    #   -r resources/python/requirements-integrity.txt
python-dotenv==1.2.3
    # via
    #   -c resources/python/requirements-managed-compatible.lock
    #   -c resources/python/requirements-science.lock
    #   pydantic-settings
pywavelets==1.10.0
    # via imagehash
pyyaml==6.0.3
    # via
    #   -c resources/python/requirements-science.lock
    #   -r resources/python/requirements-integrity.txt
scikit-image==0.26.0
    # via -r resources/python/requirements-integrity.txt
scipy==1.18.1
    # via
    #   -c resources/python/requirements-science.lock
    #   -r resources/python/requirements-integrity.txt
    #   imagehash
    #   scikit-image
structlog==26.1.0
    # via -r resources/python/requirements-integrity.txt
tifffile==2026.9.15
    # via scikit-image
typing-extensions==4.16.0
    # via
    #   -c resources/python/requirements-managed-compatible.lock
    #   -c resources/python/requirements-science.lock
    #   pydantic
    #   pydantic-core
    #   typing-inspection
typing-inspection==0.4.4
    # via
    #   -c resources/python/requirements-science.lock
    #   pydantic
    #   pydantic-settings
