# This file was autogenerated by uv via the following command:
#    uv pip compile resources/python/requirements-managed-compatible.txt --python-version 3.12 --constraint resources/python/requirements-science.lock --output-file resources/python/requirements-managed-compatible.lock
beautifulsoup4==4.15.0
    # via
    #   -c resources/python/requirements-science.lock
    #   markdownify
    #   markitdown
certifi==2026.7.22
    # via
    #   -c resources/python/requirements-science.lock
    #   requests
charset-normalizer==3.5.1
    # via
    #   -c resources/python/requirements-science.lock
    #   markitdown
    #   requests
click==8.5.0
    # via
    #   -c resources/python/requirements-science.lock
    #   magika
coloredlogs==15.0.1
    # via onnxruntime
defusedxml==0.7.1
    # via markitdown
et-xmlfile==2.0.0
    # via
    #   -c resources/python/requirements-science.lock
    #   openpyxl
flatbuffers==25.12.19
    # via onnxruntime
humanfriendly==10.0
    # via coloredlogs
idna==3.19
    # via
    #   -c resources/python/requirements-science.lock
    #   requests
liteparse==2.14.4
    # via -r resources/python/requirements-managed-compatible.txt
magika==0.6.3
    # via markitdown
markdownify==1.2.3
    # via markitdown
markitdown==0.1.7
    # via -r resources/python/requirements-managed-compatible.txt
mpmath==1.3.0
    # via
    #   -c resources/python/requirements-science.lock
    #   sympy
numpy==2.5.3
    # via
    #   -c resources/python/requirements-science.lock
    #   magika
    #   onnxruntime
    #   pandas
onnxruntime==1.20.1
    # via magika
openpyxl==3.1.5
    # via
    #   -c resources/python/requirements-science.lock
    #   markitdown
packaging==26.3
    # via
    #   -c resources/python/requirements-science.lock
    #   onnxruntime
pandas==3.0.5
    # via
    #   -c resources/python/requirements-science.lock
    #   markitdown
pip==26.2.1
    # via -r resources/python/requirements-managed-compatible.txt
protobuf==7.36.1
    # via onnxruntime
pyreadline3==3.5.6
    # via humanfriendly
python-dateutil==2.9.0.post0
    # via
    #   -c resources/python/requirements-science.lock
    #   pandas
python-dotenv==1.2.3
    # via
    #   -c resources/python/requirements-science.lock
    #   magika
requests==2.34.2
    # via
    #   -c resources/python/requirements-science.lock
    #   markitdown
six==1.17.0
    # via
    #   -c resources/python/requirements-science.lock
    #   markdownify
    #   python-dateutil
soupsieve==2.9.2
    # via
    #   -c resources/python/requirements-science.lock
    #   beautifulsoup4
sympy==1.14.0
    # via
    #   -c resources/python/requirements-science.lock
    #   onnxruntime
typing-extensions==4.16.0
    # via
    #   -c resources/python/requirements-science.lock
    #   beautifulsoup4
tzdata==2026.3
    # via
    #   -c resources/python/requirements-science.lock
    #   pandas
urllib3==2.7.0
    # via
    #   -c resources/python/requirements-science.lock
    #   requests
xlrd==2.0.2
    # via markitdown
