# Windows x64 / CPython 3.12.10; hashes of the actual release wheels.
about-time==4.2.1 --hash=sha256:8bbf4c75fe13cbd3d72f49a03b02c5c7dca32169b6d49117c257e7eb3eaee341
acres==0.5.0 --hash=sha256:fcc32b974b510897de0f041609b4234f9ff03e2e960aea088f63973fb106c772
aiobotocore==3.9.1 --hash=sha256:23aa448b4daff3fdce0714c962a2050b63c0222b5f2b5c17d0c874eb76a50ac0
aiohappyeyeballs==2.7.1 --hash=sha256:9243213661e29250eb41368e5daa826fc017156c3b8a11440826b2e3ed376472
aiohttp==3.14.3 --hash=sha256:33a2d7c28d33797a2e99923dffa63f83d908a19b6bf26cfe80fa790aa5e1a75a
aioitertools==0.13.0 --hash=sha256:0be0292b856f08dfac90e31f4739432f4cb6d7520ab9eb73e143f4f2fa5259be
aiosignal==1.4.0 --hash=sha256:053243f8b92b990551949e63930a839ff0cf0b0ebbe0597b0f3fb19e1a0fe82e
alive-progress==3.3.0 --hash=sha256:63dd33bb94cde15ad9e5b666dbba8fedf71b72a4935d6fb9a92931e69402c9ff
anndata==0.13.3.post0 --hash=sha256:9e5eab0abadff2e97e9ea913d7f234c50bb6bea14e27acf7a5ecf14373e7e18b
annotated-doc==0.0.5 --hash=sha256:117bac03a25ede5df5440e855b32d556049ca169ead221505badf432fed4b101
annotated-types==0.8.0 --hash=sha256:f072f4d804ea359e4eaf198b1af7a8b0943881a87f31bb764f8bf219bb9419e0
anyio==4.15.1 --hash=sha256:6152fdbbf9a77fdec97731721bebf7c4c44f7c29b424b0065826173efc7ed101
argon2-cffi==25.1.0 --hash=sha256:fdc8b074db390fccb6eb4a3604ae7231f219aa669a2652e0f20e16ba513d5741
argon2-cffi-bindings==26.1.0 --hash=sha256:2c36ff87b5dfaa477d0bd51e9d7f6abdae7c8955d2983c97419085d842154b3e
array-api-compat==1.15.0 --hash=sha256:7b1b9c53269061403fd5f45a8de349f16e7887653328bfa0c5f2d45299ff0a8e
arro3-core==0.8.2 --hash=sha256:195d1003303e050da262b0727d107a2aa7271216f60283fff925612dd7d45c95
arrow==1.4.0 --hash=sha256:749f0769958ebdc79c173ff0b0670d59051a535fa26e8eba02953dc19eb43205
arviz==1.3.0 --hash=sha256:16ab348e94c80295d205ea65e695d835b66daef8b31eddf71b88fd9b48490a85
arviz-base==1.3.0 --hash=sha256:9f3d66353434ee81db78cb54fe00efd74ae2fc5519d20c593dd2dceae8f247b7
arviz-plots==1.3.1 --hash=sha256:78bfca8c87c71dad467e2790aa0c1dd6e505907c1376d9f4abbf39dc1212b983
arviz-stats==1.3.2 --hash=sha256:bf186dc22ff6fd2a5e6897c640b55f846dd39aa1f22f8e7e08cc515d09a1ad16
astropy==8.0.1 --hash=sha256:ee9024f2237243ebc98726f8eff2efbf201ea4e0bba1d21f6e2dee0cb499fbdf
astropy-iers-data==0.2026.9.14.0.56.43 --hash=sha256:43786a0a9b60c7a55a85e12307c0050d75ea0679710378141255ded9d1bd8ebc
asttokens==3.0.2 --hash=sha256:9da13157f5b28becde0bd374fc677dcd3c290614264eff096f167c469cd9f933
async-lru==2.3.0 --hash=sha256:eea27b01841909316f2cc739807acea1c623df2be8c5cfad7583286397bb8315
attrs==26.1.0 --hash=sha256:c647aa4a12dfbad9333ca4e71fe62ddc36f4e63b2d260a37a8b83d2f043ac309
autograd==1.9.1 --hash=sha256:b788bae3fa010cbffb4cfb7b8ba2a3f0daa6072a8506da6164c779fe9cf3e05a
autograd-gamma==0.5.0 --hash=sha256:bf4763c412aa6b6eedd3c5de3e3e4ec835a105b46ea8047f84fdc3d6444620c3
babel==2.18.0 --hash=sha256:e2b422b277c2b9a9630c1d7903c2a00d0830c409c59ac8cae9081c92f1aeba35
beautifulsoup4==4.15.0 --hash=sha256:d6f88de62e1d4e38ecb1077eb9724cd0eff29d2a08ca16a401e9b9e93f117cf9
bibtexparser==1.4.4 --hash=sha256:947998955c5f50b72f34a21ea460dbff1bd21eabf86d6ae3247fe36a23ede816
bids-validator==1.14.7.post0 --hash=sha256:a1ee196eae8e5cf3b3fe9fd1985e03997e3e21a40ea3bcb494ff1e0dcec86a89
bidsschematools==1.2.7 --hash=sha256:4bda6ff33f82259b9dd11acebcccbd3fa1d3eee80a578abf012d4c4e6301346e
biom-format==2.1.17 --hash=sha256:6b4b9c3d27ff7129d83293ee8cf26bfad2757438d21d147ae26f412ca7002dc5
biopython==1.88 --hash=sha256:dd5131b70287486af1acef2fc40de51c68de2ea740ab772097ac2d10bad9a0b5
biothings-client==0.5.1 --hash=sha256:8ca9e23887016eabda10054c3fcd1a2482271afac2e58e8399c5a6f841f1735d
blake3==1.0.9 --hash=sha256:15566065ff90ab3da46ec0be1417406f00507af902b6fb0fbc6563e77f02fc42
bleach==6.4.0 --hash=sha256:4b6b6a54fff2e69a3dde9d21cc6301220bee3c3cb792187d11403fd795031081
boto3==1.43.75 --hash=sha256:08a79edb68e6a0d65d305eb90188639313650e155aed015e86eef59d8475dde0
botocore==1.43.75 --hash=sha256:121abc8b0b529bc4e29a28d1e8b096b20f26708cabe3d5ae4b3446747712aece
cachetools==6.2.6 --hash=sha256:8c9717235b3c651603fff0076db52d6acbfd1b338b8ed50256092f7ce9c85bda
cattrs==26.2.0 --hash=sha256:c680f17cd1df3a1c038ad1db8d90a9c595568cc54c4e8098e7ceb8d7b9bd826b
certifi==2026.7.22 --hash=sha256:62f22742b58a1a33014a2b6b706588a8d7e2a88ae7bd1a6ebe8c992928483775
cffi==2.1.1 --hash=sha256:f53e442b08449d42821fa4a4fba000095af9f62742a500f978a9f557ec44339a
cftime==1.6.5 --hash=sha256:da84534c43699960dc980a9a765c33433c5de1a719a4916748c2d0e97a071e44
charset-normalizer==3.5.1 --hash=sha256:3617ac3cfd8b9888f145ad89dd6e692285834b0201c6074a5eeaad3fd4d668c2
click==8.5.0 --hash=sha256:255bc9599cf7748b4b1a446ccc735421bd08a2ae529a8b88597d3de5664ee360
click-default-group==1.2.4 --hash=sha256:9b60486923720e7fc61731bdb32b617039aba820e22e1c88766b1125592eaa5f
cloudpickle==3.1.2 --hash=sha256:9acb47f6afd73f60dc1df93bb801b472f05ff42fa6c84167d25cb206be1fbf4a
cloudscraper==1.2.71 --hash=sha256:76f50ca529ed2279e220837befdec892626f9511708e200d48d5bb76ded679b0
cma==4.5.0 --hash=sha256:9b37fa8bd541f1f4cf8e2cc4f98e6f02ec89d6d39ded8ec8a90d4f44c88c62c8
cobble==0.1.4 --hash=sha256:36c91b1655e599fd428e2b95fdd5f0da1ca2e9f1abb0bc871dec21a0e78a2b44
colorama==0.4.6 --hash=sha256:4f1d9991f5acc0ca119f9d443620b77f9d6b33703e51011c16baf57afb285fc6
coloredlogs==15.0.1 --hash=sha256:612ee75c546f53e92e70049c9dbfcc18c935a2b9a53b66085ce9ef6a6e5c0934
comm==0.2.3 --hash=sha256:c615d91d75f7f04f095b30d1c1711babd43bdc6419c1be9886a85f2f4e489417
contourpy==1.3.3 --hash=sha256:8153b8bfc11e1e4d75bcb0bff1db232f9e10b274e0929de9d608027e0d34ff8b
cryptography==50.0.1 --hash=sha256:aed8db4f6d71c51efb89530e12d9464e7bf2923d46c3205dc794a2a93f8c0648
cycler==0.12.1 --hash=sha256:85cef7cff222d8644161529808465972e51340599459b8ac3ccbac5a854e0d30
dask==2026.8.0 --hash=sha256:ccc0c83a189b0398602435189771d28dad7b5773b6089bb8dce14ae732dd782c
datamol==0.13.0 --hash=sha256:76ad6405aeabd698bd0d8e65d00bab03f751900e13eed38f836d1ab95583a958
debugpy==1.8.22 --hash=sha256:371a4ba4a5975eb958393903f3254cf983da7b1c7c178b3f987ee427f42515e3
decorator==5.3.1 --hash=sha256:f47fe6fdbd2edd623ecfe36875d37aba411624e2670dd395dddae1358689bb3c
defusedxml==0.7.1 --hash=sha256:a352e7e428770286cc899e2542b6cdaedb2b4953ff269a210103ec58f6198a61
deltalake==1.5.1 --hash=sha256:e3e93a90fa19174b39b66d28fd2d83d99bfb946649b49efa2db602a25a6a4a0c
deprecated==1.3.1 --hash=sha256:597bfef186b6f60181535a29fbe44865ce137a5079f295b479886c82729d5f3f
dill==0.4.1 --hash=sha256:1e1ce33e978ae97fcfcff5638477032b801c46c7c65cf717f95fbc2248f79a9d
distributed==2026.8.0 --hash=sha256:3bd8882861a2cf497453f28c6b61135fa8ef2bb1d6885ad3b9f27e887e9c0e01
docopt==0.6.2 --hash=sha256:c6154b0db2c154c139707d5bd6678e7eab7a1318901062710c132aa424566dd9
donfig==0.8.1.post1 --hash=sha256:2a3175ce74a06109ff9307d90a230f81215cbac9a751f4d1c6194644b8204f9d
ecos==2.0.14 --hash=sha256:718eb62afb8e45426bcc365ebaf3ca9f610afcbb754de6073ef5f104da8fca1f
emmet-core==0.87.2 --hash=sha256:a1b0ea1c322d306f8a59bf94d596149d6c37ba63b79bac899b483d8bd4ff3393
et-xmlfile==2.0.0 --hash=sha256:7a91720bc756843502c3b7504c77b8fe44217c85c537d85037f0f536151b2caa
executing==2.2.1 --hash=sha256:760643d3452b4d777d295bb167ccc74c64a81df23fb5e08eff250c425a4b2017
fast-array-utils==1.5 --hash=sha256:08a349dc9cbcfaa59b98bf00e7aa36ef11ddef91128784a65d2eb63c4681b282
fastjsonschema==2.22.2 --hash=sha256:0fb3915616adac85ccfdd737d26be1089845d2019819505b42d39888458f74d4
feedparser==6.0.14 --hash=sha256:e35e3f760151b0c3b22cac9684155cae186a233e16c49bcbc6c49e91e3131137
feedparser-sgmllib==2.1.0 --hash=sha256:2cab2d43b95a954f920f18aebce7a4dbbb3f539780b127e2aa114f579821e01d
filelock==3.32.7 --hash=sha256:65ff0d0190ea42038b32bda4b77834fb05be2cad4c5b9b01aa4dfb3614536e52
flatbuffers==25.12.19 --hash=sha256:7634f50c427838bb021c2d66a3d1168e9d199b0607e6329399f04846d42e20b4
flexcache==0.3 --hash=sha256:d43c9fea82336af6e0115e308d9d33a185390b8346a017564611f1466dcd2e32
flexparser==0.4 --hash=sha256:3738b456192dcb3e15620f324c447721023c0293f6af9955b481e91d00179846
flowio==1.4.0 --hash=sha256:c3b67dfee3fd2c6d7f80b7ae0d629656fc182c2606ddba14b9c0ab8bed6f9d10
flox==0.10.8 --hash=sha256:9c5e6dc45717aab74d8a79b64e7c4224ea7fa40fbdefe37290bd6be1171dc581
fonttools==4.64.0 --hash=sha256:06b6409b868494556a831ae33b2d9a090476c37516b38d70f45a9720b460d423
formulaic==1.2.2 --hash=sha256:0f84ff49e3fc9dc0e68ab08a0a9427874021aa6c558e66b44dc634a35739b09b
formulaic-contrasts==1.0.0 --hash=sha256:e1220d315cf446bdec9385375ca4da43896e4ba68114ebea1b2a37efa5d097f5
fqdn==1.5.1 --hash=sha256:3a179af3761e4df6eb2e026ff9e1a3033d3587bf980a0b1b2e1e5d08d7358014
frozendict==2.4.7 --hash=sha256:972af65924ea25cf5b4d9326d549e69a9a4918d8a76a9d3a7cd174d98b237550
frozenlist==1.8.0 --hash=sha256:34187385b08f866104f0c0617404c8eb08165ab1272e884abc89c112e9c00746
fsspec==2026.7.0 --hash=sha256:b57ddbafedfaef7018c1ecab32aa200a9d7ca26b77965f64e48b70061249d279
future==1.0.0 --hash=sha256:929292d34f5872e70396626ef385ec22355a1fae8ad29e1a734c3e43f9fbc216
gcsfs==2026.8.1 --hash=sha256:66e6316690b17e1887a4f4bc0902eee53f5b3fd860cc3f0377d65c5be3313b1f
geopandas==1.1.4 --hash=sha256:1a0c459cbdb1537cd154dafe6174be20d1760844b7f1c967dc8520b180f2e773
google-api-core==2.37.0 --hash=sha256:d84042a0034cce9c4304e17d2e5e9966c2fcb1a851b73799291f687a67470c8b
google-auth==2.58.0 --hash=sha256:8a9c4645bb4c8e91668fb1934b95ae6a8687084232753639220ba9bf04a1610d
google-auth-oauthlib==1.4.1 --hash=sha256:a1be43ec69fe563ac9b2c4d6fc4334b323b21cbdc59a638b5fa34dd4d5a2a348
google-cloud-core==2.7.0 --hash=sha256:c18a250904cfdda021eb3ae8b8238c9f9ca272a4cbbfb5cba946b3fe3022eed1
google-cloud-storage==3.14.1 --hash=sha256:8f0fe2b74bd80ddcbd67247a3b47b81035a0a4f448569ed358fa40a46c940118
google-cloud-storage-control==1.15.0 --hash=sha256:46c8c801ff0425a1bd59bc28899a8242e15f6bbb06a4f2304cbd169c7d26cb29
google-crc32c==1.8.0 --hash=sha256:3cc0c8912038065eafa603b238abf252e204accab2a704c63b9e14837a854962
google-resumable-media==2.10.2 --hash=sha256:e3cedc827a4ea41e216582d74346f1fb9fceb625a8c3c53912f2ca1d663334d7
googleapis-common-protos==1.75.3 --hash=sha256:a018d2bf098ca9fb6faa08d5bb780e2a2c2f73c566f069761331386c9596d3f2
gprofiler-official==1.0.0 --hash=sha256:c582baf728e5a6cddac964e4085ca385e082c4ef0279e3af1a16a9af07ab5395
graphemeu==0.7.2 --hash=sha256:1444520f6899fd30114fc2a39f297d86d10fa0f23bf7579f772f8bc7efaa2542
greenlet==3.5.5 --hash=sha256:49ddacd36af37735fab103846f4ee4d18a492dde72730d1699c0c8ebe30d9f18
grpc-google-iam-v1==0.14.5 --hash=sha256:0f5e680b20aa0a9441e68c769da04d94d70fca4e43751a82d8abb8aa6a7181ca
grpcio==1.84.0 --hash=sha256:49717e857899f4136d7657bf5aded61ac479110a075438290923a4d86af7cd02
grpcio-status==1.84.0 --hash=sha256:0c182ca0d6e60acbfd0e14499cf39a155e4827a1c3fd9f7638e49af15a74c30a
gseapy==1.3.1 --hash=sha256:cf153aba74c536055dbb0027b7ff05411f02b81d21b2e2d5ee024d7a0d0c45fb
h11==0.16.0 --hash=sha256:63cf8bbe7522de3bf65932fda1d9c2772064ffb3dae62d55932da54b31cb6c86
h5py==3.16.0 --hash=sha256:96b422019a1c8975c2d5dadcf61d4ba6f01c31f92bbde6e4649607885fe502d6
hdbscan==0.8.44 --hash=sha256:29bffe0ef8a8191e6cd5af3dc7fdf5e7f6334eea8fa39ee8488f2f16911c1cdf
httpcore==1.0.9 --hash=sha256:2d400746a40668fc9dec9810239072b40b4484b640a8c38fd654a024c7a1bf55
httpcore2==2.13.0 --hash=sha256:35ae5be347aa40467b4a5dc032ac67ebb6d27189fc97e8cebcf99616f6a1bb9e
httpx==0.28.1 --hash=sha256:d909fcccc110f8c7faf814ca82a9a4d816bc5a6dbfea25d6591d6985b8ba59ad
httpx-sse==0.4.3 --hash=sha256:0ac1c9fe3c0afad2e0ebb25a934a59f4c7823b60792691f779fad2c5568830fc
httpx2==2.13.0 --hash=sha256:fc12720cedf72faa26cca6b4ca394e05c894e7d7933fc45cafe767960804e49a
humanfriendly==10.0 --hash=sha256:1697e1a8a8f550fd43c2865cd84542fc175a61dcb779b6fee18cf6b6ccba1477
idna==3.19 --hash=sha256:815e7be7a7806d54abb586dc943addc79e8b2ee16915059658cbeff4b1b43bf4
igraph==1.0.0 --hash=sha256:faeff8ede0cf15eb4ded44b0fcea6e1886740146e60504c24ad2da14e0939563
imagecodecs==2026.8.16 --hash=sha256:6444a421272665ebd0116b54ad96347b86b4a5e21b59ed184487145cd3937f4b
imagehash==4.3.2 --hash=sha256:02b0f965f8c77cd813f61d7d39031ea27d4780e7ebcad56c6cd6a709acc06e5f
imageio==2.37.4 --hash=sha256:1ab2e22c8debf700f24c3ac43e8f95f3b3a8110c83b93411e97b4b0b2cd1c7e6
inflect==7.5.0 --hash=sha256:2aea70e5e70c35d8350b8097396ec155ffd68def678c7ff97f51aa69c1d92344
interface-meta==2.0.1 --hash=sha256:f38016bef9a4429b6d0792d809be7b65e9781820c674bf7f463999086b6e6323
ipykernel==7.3.0 --hash=sha256:897eb64da762549ef610698fca5e9675195ec6ac8ec7f19d81ce1ca20c876057
ipython==9.17.1 --hash=sha256:6d1645743cfd1a07eb695d85aa2b5fa66721f8cbae9431d4049f7084bbf06509
ipython-pygments-lexers==1.1.1 --hash=sha256:a9462224a505ade19a605f71f8fa63c2048833ce50abc86768a0d81d876dc81c
ipywidgets==8.1.9 --hash=sha256:f2b8cbcaae10252b809fbe4d7470db75c09b769a32cbf816d20e5ca6d3c5a79d
isoduration==20.11.0 --hash=sha256:b2904c2a4228c3d44f409c8ae8e2370eb21a26f7ac2ec5446df141dde3452042
jedi==0.20.0 --hash=sha256:7bdd9c2634f56713299976f4cbd59cb3fa92165cc5e05ea811fb253480728b67
jinja2==3.1.6 --hash=sha256:85ece4451f492d0c13c5dd7c13a64681a86afae63a5f347908daf103ce6d2f67
jmespath==1.1.0 --hash=sha256:a5663118de4908c91729bea0acadca56526eb2698e83de10cd116ae0f4e97c64
joblib==1.6.0 --hash=sha256:3dbbf9f6e4b592a2357b854608e980fe6390d131d7a82f011a377ef2ebef7aba
json5==0.15.0 --hash=sha256:56636a30c0e8a4665fe2179c0212f32eae3796dea89ea6f649b9436ecdb39618
jsonpointer==3.1.1 --hash=sha256:8ff8b95779d071ba472cf5bc913028df06031797532f08a7d5b602d8b2a488ca
jsonschema==4.26.0 --hash=sha256:d489f15263b8d200f8387e64b4c3a75f06629559fb73deb8fdfb525f2dab50ce
jsonschema-specifications==2025.9.1 --hash=sha256:98802fee3a11ee76ecaca44429fda8a41bff98b00a0f2838151b113f210cc6fe
jupyter-builder==1.2.3 --hash=sha256:c5ea5a7190c2a7b082494abade98eece1b2b5bd5dbd7d610606cbcd10a1d08b3
jupyter-client==8.10.0 --hash=sha256:5f73f24f22fa25192cfff6b23c051932a2473a797b05734aff495b392103e14e
jupyter-core==5.9.1 --hash=sha256:ebf87fdc6073d142e114c72c9e29a9d7ca03fad818c5d300ce2adc1fb0743407
jupyter-events==0.12.1 --hash=sha256:c366585253f537a627da52fa7ca7410c5b5301fe893f511e7b077c2d93ec8bcf
jupyter-lsp==2.3.1 --hash=sha256:71b954d834e85ff3096400554f2eefaf7fe37053036f9a782b0f7c5e42dadb81
jupyter-server==2.21.1 --hash=sha256:2a6467606af7dbae2e7e31640030025969e15db6a649eae334af90415dc71dca
jupyter-server-terminals==0.5.4 --hash=sha256:55be353fc74a80bc7f3b20e6be50a55a61cd525626f578dcb66a5708e2007d14
jupyterlab==4.6.3 --hash=sha256:0a1ebc6567186f1eabd99536e94df7ed9e96d1e7c5ddf3e4406ae16e88abacb7
jupyterlab-pygments==0.3.0 --hash=sha256:841a89020971da1d8693f1a99997aefc5dc424bb1b251fd6322462a1b8842780
jupyterlab-server==2.28.1 --hash=sha256:4bd36c7c11d872e15cefa4951e12380a47e6901687165332dd50a007cb367ad9
jupyterlab-widgets==3.0.17 --hash=sha256:40ac1e9955acf116c4d995d9bfa082d86ad9ec6d91c4f134827cf5e0a5eb75e0
kiwisolver==1.5.1 --hash=sha256:06a6917674de9e0fe3f66f5430787f59a9f2ddb64af9b714eaec547e29ef5c19
lark==1.3.1 --hash=sha256:c629b661023a014c37da873b4ff58a817398d12635d3bbb2c5a03be7fe5d1e12
latexcodec==3.0.1 --hash=sha256:a9eb8200bff693f0437a69581f7579eb6bca25c4193515c09900ce76451e452e
lazy-loader==0.5 --hash=sha256:ab0ea149e9c554d4ffeeb21105ac60bed7f3b4fd69b1d2360a4add51b170b005
legacy-api-wrap==1.5 --hash=sha256:5a8ea50e3e3bcbcdec3447b77034fd0d32cb2cf4089db799238708e4d7e0098d
leidenalg==0.12.0 --hash=sha256:f5d9529b44d5f6add0847d68fa6ced99f581357f6ca02b54c049eb3a2f45ff04
lifelines==0.30.0 --hash=sha256:ac7c602c8aceced9770d3977817c9d99c250ed8cd86f2567fa0d23e4e8014bf9
liteparse==2.14.4 --hash=sha256:ab0f1b52a8e6c3e99c0793704aa88198e8a3aaa708dd9844047708f5845831e0
llvmlite==0.49.0 --hash=sha256:3a9c9e3af4e214acfefa4f73ebe7bc3fb35854a62b654edb3953f5ae33c08ba3
locket==1.0.0 --hash=sha256:b6c819a722f7b6bd955b80781788e4a66a55628b858d347536b7e81325a3a5e3
loguru==0.7.3 --hash=sha256:31a33c10c8e1e10422bfd431aeb5d351c7cf7fa671e3c4df004162264b28220c
lxml==6.1.3 --hash=sha256:3e9a00d1c2c30936f7add097c41afc5da6556c580909104aafd382cac92a855c
magika==0.6.3 --hash=sha256:e57f75674447b20cab4db928ae58ab264d7d8582b55183a0b876711c2b2787f3
mammoth==1.11.0 --hash=sha256:c077ab0d450bd7c0c6ecd529a23bf7e0fa8190c929e28998308ff4eada3f063b
markdown==3.10.3 --hash=sha256:fa6c92a00a4a3c98b22728c64a935ae1928250ae65058a6ded814d2cc29a4cea
markdown-it-py==4.2.0 --hash=sha256:9f7ebbcd14fe59494226453aed97c1070d83f8d24b6fc3a3bcf9a38092641c4a
markdownify==1.2.3 --hash=sha256:a189a0bedfd14009030fde5f85bb6f77c56897cb839b5c25315dd7d4e3e290ba
markitdown==0.1.7 --hash=sha256:4eca912c87c6aa6897284a7f4bf6769a23bccf8544530f5d8b175fbe3797c916
markupsafe==3.0.3 --hash=sha256:26a5784ded40c9e318cfc2bdb30fe164bdb8665ded9cd64d500a34fb42067b1c
matplotlib==3.11.1 --hash=sha256:88a2a27dd9691ae448dfae4b26f59036be90c3c28757edd3553a29559d00859f
matplotlib-inline==0.2.2 --hash=sha256:3c821cf1c209f59fb2d2d64abbf5b23b67bcb2210d663f9918dd851c6da1fcf6
mcp==1.30.0 --hash=sha256:666edb5009503e1047c9d60346a756f94b261f05cc2625f23d41c728ffc484d0
mdurl==0.1.2 --hash=sha256:84008a41e51615a49fc9966191ff91509e3c40b939176e643fd50a5c2196b8f8
medchem==2.1.0 --hash=sha256:da6b19adc49ca4760d93c770f62d6521f4e49315b8830aa365df8e063e2d42fe
mistune==3.3.4 --hash=sha256:ee015381e955e370962968befe1d729ab60fafb6a715ac6751763fbce38c8d4a
monty==2026.7.16 --hash=sha256:fadd48f18135128a6042d7efe80e301d5658178d441cb1e80a7d6624bd8e114d
moocore==0.3.2 --hash=sha256:aaed31c1a434a846502f922f86766205c3f9d43642fa73782b1b5a5136de0573
more-itertools==11.1.0 --hash=sha256:4b65538ae22f6fed0ce4874efd317463a7489796a0939fa66824dd542125a192
mp-api==0.46.5 --hash=sha256:d957e940926781a0e1b58cca5fb9dfb2802d1c92ef3ea3c698025ee6ec01e8b0
mpmath==1.3.0 --hash=sha256:a0b2b9fe80bbcd81a6647ff13108738cfb482d481d826cc0e02f5b35e5c88d2c
msgpack==1.2.2 --hash=sha256:b68614fba0570349833b7dd999ff0aed4e5cc8d9eb6e3a7d4527be33c65e33d3
multidict==6.8.0 --hash=sha256:7d26dc8f070c0ec5579e987fa615ffd6883086106eefdff9e10d160fc5630630
mygene==3.2.2 --hash=sha256:18d85d1b28ecee2be31d844607fb0c5f7d7c58573278432df819ee2a5e88fe46
narwhals==2.25.0 --hash=sha256:1f0f403e8c7e4463cde9bfe78b12fdd809e3ae3dda6d9b2f802934fb9c7a6a8f
natsort==8.4.0 --hash=sha256:4732914fb471f56b5cce04d7bae6f164a592c7712e1c85f9ef585e197299521c
nbclient==0.11.0 --hash=sha256:ef7fa0d59d6e1d41103933d8a445a18d5de860ca6b613b87b8574accdb3c2895
nbconvert==7.17.1 --hash=sha256:aa85c087b435e7bf1ffd03319f658e285f2b89eccab33bc1ba7025495ab3e7c8
nbformat==5.11.1 --hash=sha256:cc6698fa75f4fab8755ead786317815f13a6fee3b53311c0abb1a8b51d52f7ec
neo4j==6.3.0 --hash=sha256:d243f9c8adf882ae7205a76eb2419b0a632d5f3c89383d4a0044d737a2223991
nest-asyncio2==1.7.2 --hash=sha256:f5dfa702f3f81f6a03857e9a19e2ba578c0946a4ad417b4c50a24d7ba641fe01
netcdf4==1.7.4 --hash=sha256:9476e1f23161ae5159cd1548c50c8a37922e77d76583e247133f256ef7b825fc
networkx==3.6.1 --hash=sha256:d47fbf302e7d9cbbb9e2555a0d267983d2aa476bac30e90dfbe5669bd57f3762
nglview==4.0.1 --hash=sha256:1e9e23f8a72cfaa2857aa5da442ed6ab88f47777effbc20aa9cddd5f3a13d56e
nibabel==5.4.2 --hash=sha256:553482c5f1e1034fc312edf6fb7f32236c0056439845d1c29293b7e8c98d4854
notebook==7.6.2 --hash=sha256:5fe9e09c335cb4b7de21627b860f77210e70e54b1fb1276ad942a4a7e1d858d3
notebook-shim==0.2.4 --hash=sha256:411a5be4e9dc882a074ccbcae671eda64cceb068767e9a3419096986560e1cef
num2words==0.5.14 --hash=sha256:1c8e5b00142fc2966fd8d685001e36c4a9911e070d1b120e1beb721fa1edb33d
numba==0.67.0 --hash=sha256:50e2b72406c18cda5dd7431b0082cb85ea94e06c64c33607248fc8bef92cfb81
numcodecs==0.16.5 --hash=sha256:845a9857886ffe4a3172ba1c537ae5bcc01e65068c31cf1fce1a844bd1da050f
numexpr==2.14.2 --hash=sha256:8fc55d14bcf17b3fe69213bea14f999451892b4690717008c66f2edfd6a085ce
numpy==2.5.3 --hash=sha256:0a59a421a32580a009e8a1751345bf829631b990dc1794b80514ab722b435def
numpy-groupies==0.11.3 --hash=sha256:d4065dd5d56fda941ad5a7c80a7f80b49f671ed148aaa3e243a0e4caa71adcb3
oauthlib==3.3.1 --hash=sha256:88119c938d2b8fb88561af5f6ee0eec8cc8d552b7bb1f712743136eb7523b7a1
onnxruntime==1.20.1 --hash=sha256:19c2d843eb074f385e8bbb753a40df780511061a63f9def1b216bf53860223fb
opencv-python-headless==4.13.0.92 --hash=sha256:77a82fe35ddcec0f62c15f2ba8a12ecc2ed4207c17b0902c7a3151ae29f37fb6
openpiv==0.26.1 --hash=sha256:fb9352babeef9358a1937d3c872835750f3885db4da5e0acf072c0617d2d5310
openpyxl==3.1.5 --hash=sha256:5282c12b107bffeef825f4617dc029afaf41d0ea60823bbb665ef3079dc79de2
opentelemetry-api==1.44.0 --hash=sha256:94b98c893a91b88657eaac1e3ba89618cdb85be6918196705354f34728b2cdef
orjson==3.12.0 --hash=sha256:010811c1b69773450a01cef97727a67b223242f350b77d4ca000e59a9ef2155a
osqp==1.1.3 --hash=sha256:e7e9bd3939e47e726673218a7b04b9784ecbf9ef0b8bc69107d20cc659836ac1
packaging==26.3 --hash=sha256:d7193f7c8e4e93f444fde0262bf90af30e16fa0ad0ad44cb553c87339b23cd1c
palettable==3.3.3 --hash=sha256:74e9e7d7fe5a9be065e02397558ed1777b2df0b793a6f4ce1a5ee74f74fb0caa
pandas==3.0.5 --hash=sha256:80a611068e8a3ac23f7398c6c14eb46dc974e5cc9997f653e2dcfd1da74edd41
pandas-flavor==0.8.1 --hash=sha256:6a74c48a7014e27117a164b687c23ca9f7da46c5b198a516ab4ebaa22435292b
pandocfilters==1.5.1 --hash=sha256:93be382804a9cdb0a7267585f157e5d1731bbe5545a85b268d6f5fe6232de2bc
parso==0.8.7 --hash=sha256:a8926eb2a1b915486941fdbd31e86a4baf88fe8c210f25f2f35ecec5b574ca1c
partd==1.4.2 --hash=sha256:978e4ac767ec4ba5b86c6eaa52e5a2a3bc748a2ca839e8cc798f1cc6ce6efb0f
pathlib-abc==0.5.2 --hash=sha256:4c9d94cf1b23af417ce7c0417b43333b06a106c01000b286c99de230d95eefbb
patsy==1.0.3 --hash=sha256:d3dbebe8fd5f46e29912d030b63c6268647b59bf788a99e2af28a30234cf357c
pdfminer-six==20260107 --hash=sha256:366585ba97e80dffa8f00cebe303d2f381884d8637af4ce422f1df3ef38111a9
pdfplumber==0.11.10 --hash=sha256:7741ea81bf165b474b153e6789d10d18e06b6ddcf3ec84289c3ef2fed6802580
pikepdf==10.13.0.post1 --hash=sha256:996a714a47cc725e3c48fe3901691d3353f3c2eeb9e0571aa2b16164abc40ff9
pillow==12.3.0 --hash=sha256:a2b55dd6b2a4c4b7d87ffa56bdb33fdc5fdb9a462173861a7bc097f17d91cb09
pillow-heif==1.7.0 --hash=sha256:bf8e46cfe653a9a43830a7e9993ddf70dcf3877c474b7f1c1e8364d0c85214a5
pingouin==0.6.1 --hash=sha256:514f2897d7ee354723268551147bbc95849ccec83d6f1dddde1395779c6a7b15
pint==0.26.1 --hash=sha256:e982b129415c09c63308f314ae44697d83e5c96f253bcc0d5b833fc3329eb6d4
pip==26.2.1 --hash=sha256:71138adf1f4ca900cdb7d289c21b7494329f2332b6d85f0e1c42108c0384ed3e
platformdirs==4.11.8 --hash=sha256:52f2f181bbfde907966932cc8312d967d02976422d66d537ea16092b8e291081
playwright==1.62.0 --hash=sha256:92c0d98ed04eb35af557b709875edba415b1f548bdb22ddb5bb3e1e6c835c2f1
plotly==6.9.0 --hash=sha256:36bebe2f1bb13884774fe61689c329071446f6ce4a8927fb1f0d6fb24f581236
polars==1.44.1 --hash=sha256:1fa62fc1c88fba77a68b28291b5aabdd69e5f38b34e59721a064ae3169b59bb5
polars-runtime-32==1.44.1 --hash=sha256:159334184e6fbb074c9f4692221ea19970a5e2bed2a479f9d7bdb00b7f3eedb9
prometheus-client==0.26.0 --hash=sha256:fa93d06737aa02bacd05794768508bb97d2fbee28cb3bca04eaae92f0ca953d6
prompt-toolkit==3.0.53 --hash=sha256:01c0891d7f9237d5e339f7d3e42cdae80b7534abb1c7c0e3352efba6231492f2
propcache==0.5.4 --hash=sha256:98914de2c4d7f0f9f4a8c6ea4bf05841f4175796941e3ef7d47eb718f22311fb
proto-plus==1.28.4 --hash=sha256:4b01341272f8a348db3f003b6143109f83ab43091019d5181b3fcdf500ab32aa
protobuf==7.36.1 --hash=sha256:51139351435d9b43d88a55eaa49fb6f737fbb478fb0cbf2cf694d1a04a9d3363
psutil==7.2.2 --hash=sha256:eb7e81434c8d223ec4a219b5fc1c47d0417b12be7ea866e24fb5ad6e84b3d988
pubchempy==1.0.5 --hash=sha256:e936cfed31fa194042ad463be3c803dde5b12ef2f795caf336e3114127c34fa0
pure-eval==0.2.4 --hash=sha256:96cae060a313cfaad51bb761278bfb0e62dc0248d9315a81173752dc546cd37a
pyarrow==21.0.0 --hash=sha256:cf56ec8b0a5c8c9d7021d6fd754e688104f9ebebf1bf4449613c9531f5346a18
pyasn1==0.6.4 --hash=sha256:deda9277cfd454080ec40b207fb6df82206a3a2688735233cdcd8d3d565f088b
pyasn1-modules==0.4.2 --hash=sha256:29253a9207ce32b64c3ac6600edc75368f98473906e8fd1043bd6b5b1de2c14a
pybids==0.22.0 --hash=sha256:342e560a546881be0ab42da338e38f4995d3a9063f13ec19bd14aee17a74852f
pybiomart==0.2.0 --hash=sha256:c88bdd97887e2144a8be44036901aa032a824c82b42c33e24515b6c786b80933
pybtex==0.26.1 --hash=sha256:e26c0412cc54f5f21b2a6d9d175762a2d2af9ccf3a8f651cdb89ec035db77aa1
pycparser==3.0 --hash=sha256:b727414169a36b7d524c1c3e31839a521725078d7b2ff038656844266160a992
pycryptodome==3.23.0 --hash=sha256:c75b52aacc6c0c260f204cbdd834f76edc9fb0d8e0da9fbf8352ef58202564e2
pydantic==2.13.5 --hash=sha256:346a034f080da3755d8e9cb5e00e8b07de1d39e4f6e2c87d8ab7cafa0b269a73
pydantic-core==2.46.5 --hash=sha256:5e81740c09e310f5aa5cbd3e434a01c154d4bef93241c7877b39f211d2b78ba8
pydantic-settings==2.15.0 --hash=sha256:0ba092c291c94baceb5eff768aa0d56400a457585bc0175925a5a5510303da42
pydeseq2==0.5.4 --hash=sha256:690458824f1c4df0d13dbf7e5bdc1298f6dfb444b04a6e2aef9e7d3f21ba30dd
pydicom==3.0.2 --hash=sha256:abf971a5440f84dbaf42c4b6758e30e62480902584f8b270b9a5d146e278a07b
pydoe3==1.6.2 --hash=sha256:21b5c3ef10a350bed01f59df54ae262fd1eda9983efac294b679988f311f3445
pydot==4.0.1 --hash=sha256:869c0efadd2708c0be1f916eb669f3d664ca684bc57ffb7ecc08e70d5e93fee6
pyee==13.0.1 --hash=sha256:af2f8fede4171ef667dfded53f96e2ed0d6e6bd7ee3bb46437f77e3b57689228
pyerfa==2.0.1.5 --hash=sha256:66292d437dcf75925b694977aa06eb697126e7b86553e620371ed3e48b5e0ad0
pygments==2.21.0 --hash=sha256:2363c69b61c4a97c838da3b130dcd6468f4848992b21a82f2a63ec34377137d9
pyjpegls==1.5.1 --hash=sha256:14d7cf5e61ffdb9343a888dde5e3f9b7e527cc805c31c7f48a1e2cdb73d9d9fa
pyjwt==2.13.0 --hash=sha256:66adcc2aff09b3f1bbd95fc1e1577df8ac8723c978552fd43304c8a290ac5728
pylatexenc==2.11 --hash=sha256:e78e7391d6c104f1ed150e21cfaa58016cdb50aa54406a2eecb793649ffdfdd0
pylibjpeg==2.1.0 --hash=sha256:25df9496a69e64e98c887fddee12a1271e275b5f74ba804f9bf98a08bb80993e
pylibjpeg-libjpeg==2.4.0 --hash=sha256:555620be7243bccd7e9ac2ad953be316e36e62cf9d4d105cc3ed6f0ef384fd24
pylibjpeg-openjpeg==2.5.0 --hash=sha256:f1af4f0f2621381bb60f063a49004e56b859e428b94ec3a1aabcc2cf1d082dbe
pylibjpeg-rle==2.2.0 --hash=sha256:f6002b44b14ebfa2df6bde6598bef95d31a76a839f511df5a52027e5785bcc5e
pymatgen==2026.5.4 --hash=sha256:7815cd4310c6d5a465b0da14a1633479cf61366676e62764db17f7e2a20d1974
pymatgen-core==2026.8.30 --hash=sha256:b339391d9c00e41b12f47d9404069686adfde9d8f1d93e6a459254af3b92b4d8
pymatgen-io-validation==0.1.4 --hash=sha256:8a428ee4090cae8f2956ca0690ebe98e810f985c768db8ce22cc17db4a8e6823
pymc==6.3.2 --hash=sha256:f3eef7d1637d4bac243562abcd087a5363e99103ae984c69ab72d081f2eb0a1e
pymoo==0.6.2 --hash=sha256:3e4b8ec6e2c2c20408843ffa62d57d90a76817fefd5fc17c4540515d6bfb8a92
pymupdf==1.28.2 --hash=sha256:ebd244918798502d7b4504c90410d1711a4d7675a32584ca30f1bab419ecbffe
pynndescent==0.6.0 --hash=sha256:dc8c74844e4c7f5cbd1e0cd6909da86fdc789e6ff4997336e344779c3d5538ef
pynrrd==1.1.3 --hash=sha256:21f7e370045e7ef8a86841965b2ff3a18937efbb4e2078e346168463f8f34b7e
pyogrio==0.13.0 --hash=sha256:1b91f6d6e6757a6ea84b9459d24f479dcb52bbf4ebcdb16baf39e49d2836a1cf
pyopenms==3.5.0 --hash=sha256:b94d86dd1ebd1b1cdd5ddeeb1978a3d1e3902c80241195da612a8664a4b44a61
pyparsing==3.3.2 --hash=sha256:850ba148bd908d7e2411587e247a1e4f0327839c40e2e5e6d05a007ecc69911d
pypdf==6.18.0 --hash=sha256:05b762b77bcb9dcb4a7c91fcf5dded585b25bee7269ab3d3001d7c55fa1b324b
pypdfium2==5.13.0 --hash=sha256:47dcca2a8d507b5fd24f94c3c9d48fb379430f097bc20f01beff6c963ffbcedb
pyproj==3.8.0 --hash=sha256:0556ce011e1530aea2084a12e39dc9c6ccd25a16c1db5457f39bf83161e7c301
pyreadline3==3.5.6 --hash=sha256:8449b734232e42a5dcd74048e39b60db2839a4c38cf3ae2bf7707d58b5389c0d
pytensor==3.3.2 --hash=sha256:eca08095ddb322a35b8ad2332bba1a062f08e0647e776e7c2cc1b064a04754e4
python-dateutil==2.9.0.post0 --hash=sha256:a8b2bc7bffae282281c8140a97d3aa9c14da0b136dfe83f850eea9a5f7470427
python-docx==1.2.0 --hash=sha256:3fd478f3250fbbbfd3b94fe1e985955737c145627498896a8a6bf81f4baf66c7
python-dotenv==1.2.3 --hash=sha256:904552145e8bfed22162c09dab1c2b9b54fefa7b23ba780f4f26ca0316b0f0d9
python-json-logger==4.2.0 --hash=sha256:158a52126fcd6869e09574d2b66272666f3dc8f468c62637ef9a1fa883719cb9
python-multipart==0.0.32 --hash=sha256:ff6d3f776f16878c894e52e107296ffc890e913c611b1a4ec6c44e2821fe2e23
python-pptx==1.0.2 --hash=sha256:160838e0b8565a8b1f67947675886e9fea18aa5e795db7ae531606d68e785cba
pytximport==0.13.0 --hash=sha256:d8aa16780a11c4ee7bb168d9d5a8da445ee01fa844a56e1fb66261e498f8fdef
pytz==2026.3.post1 --hash=sha256:dd95840dd199baea12d9cc096a1d452caa6596a1c1e4b5f3dbd1541855d5e815
pywavelets==1.10.0 --hash=sha256:5be6bdee86f8088eb15becaefabfecaa6336cd6103c58f46d2466d127b4f08cc
pywin32==312 --hash=sha256:b457f6d628a47e8a7346ce22acb7e1a46a4a78b52e1d17e1af56871bd19a93bc
pywinpty==3.0.5 --hash=sha256:d62946adf14b15b54c0b8d785f93fe18b04da23f4ad59e2e8c4612646e9abd23
pyyaml==6.0.3 --hash=sha256:5fcd34e47f6e0b794d17de1b4ff496c00986e1c83f7ab2fb8fcfe9616ff7477b
pyzmq==27.2.0 --hash=sha256:2c218c6ab8bc447ba62054b581fd30209689d199c6ecb253f79615ca74a38e12
pyzotero==1.15.1 --hash=sha256:1580de865d20ce1ed22395cdf1ec365652fb4c79282ec6ed58bc5e77450e93f2
qiskit==2.5.2 --hash=sha256:d436cd45db22ea0132be815930d7c90343774756da9620dee68714968966f65e
qutip==5.3.1 --hash=sha256:300bd4a8ab301dae405611928a5eeaf4ac8b7dcdddb59652efc130558d71b2ea
rdkit==2026.3.6 --hash=sha256:740f2015d07426a9d3ee98cdda2dbb028b84b35aca3edeff0dcb75294512d692
referencing==0.37.0 --hash=sha256:381329a9f99628c9069361716891d34ad94af76e461dcb0335825aecc7692231
reportlab==4.5.1 --hash=sha256:06fce8cb56c83307cfa4909cdf4e6a2ddbb44e5d6ef4d2edca896d7e9769f091
requests==2.34.2 --hash=sha256:2a0d60c172f83ac6ab31e4554906c0f3b3588d37b5cb939b1c061f4907e278e0
requests-cache==1.3.3 --hash=sha256:c8df20ff874ebfc026959e3874e6c12bd6724934cdb10925915908453d4b17e4
requests-oauthlib==2.0.0 --hash=sha256:7dd8a5c40426b779b0868c404bdef9768deccf22749cde15852df527e6269b36
requests-toolbelt==1.0.0 --hash=sha256:cccfdd665f0a24fcf4726e690f65639d272bb0637b9b92dfd91a5568ccf6bd06
rfc3339-validator==0.1.4 --hash=sha256:24f6ec1eda14ef823da9e36ec7113124b39c04d50a4d3d3a3c2859577e7791fa
rfc3986-validator==0.1.1 --hash=sha256:2f235c432ef459970b4306369336b9d5dbdda31b510ca1e327636e01f528bfa9
rfc3987-syntax==1.1.0 --hash=sha256:6c3d97604e4c5ce9f714898e05401a0445a641cfa276432b0a648c80856f6a3f
rich==14.3.4 --hash=sha256:07e7adb4690f68864777b1450859253bed81a99a31ac321ac1817b2313558952
rpds-py==2026.6.3 --hash=sha256:2c958bf94822e9290a40aaf2a822d4bc5c88099093e3948ad6c571eca9272e5f
ruamel-yaml==0.19.1 --hash=sha256:27592957fedf6e0b62f281e96effd28043345e0e66001f97683aa9a40c667c93
rustworkx==0.18.1 --hash=sha256:91feb30971df6ac53d51503970e4aac67e4d9bc7834535f2b7cd3674645003ac
s3fs==2026.7.0 --hash=sha256:64edf3c01ebffab1eec38ff9c09eefbf86a3db14c87d248f795da0e7b801d698
s3transfer==0.19.2 --hash=sha256:d8168eccca828cbb2cd573675333f3bddd254313a9c42494b84c76b539e8ba25
scanpy==1.12.4 --hash=sha256:a12a7ca9500e4b247fbb5fb9318fb204907125e411183bad3e9c62e5b988f37c
scikit-bio==0.7.3 --hash=sha256:dfd52e7751c08362f51a338706f8deeb0456bb46297c9c60ba135fba4614ebf9
scikit-image==0.26.0 --hash=sha256:abed017474593cd3056ae0fe948d07d0747b27a085e92df5474f4955dd65aec0
scikit-learn==1.9.0 --hash=sha256:4306775fad04cc4b472a1b15af1ae9cede1540fbfcc17fbce3767cd8dc7ae283
scikit-survival==0.28.0 --hash=sha256:0a3dc0019cdd8ca9522a91a3503f57f72010736f6660efee385f1a2576c748a7
scipy==1.18.1 --hash=sha256:5e4d44984abc0020154ea81b247adeddcc3ac5527b975ff798bd1ba0adc513c2
scverse-misc==0.1.5 --hash=sha256:f11808d292f19d42ce47dcf7c6460d1756988b14b136d0c1f1e1d7211f6b449d
seaborn==0.13.2 --hash=sha256:636f8336facf092165e27924f223d3c62ca560b1f2bb5dff7ab7fad265361987
selfies==2.2.0 --hash=sha256:8b80796832c0b2f33e63d4fa1617ca541338c57b463a4d06cda3da510506ff73
send2trash==2.1.0 --hash=sha256:0da2f112e6d6bb22de6aa6daa7e144831a4febf2a87261451c4ad849fe9a873c
session-info==1.0.1 --hash=sha256:451d191e51816070b9f21a6ff3f6eb5d6015ae2738e8db63ac4e6398260a5838
session-info2==0.4.2 --hash=sha256:dbf5f58769115651fad28e8ffc930b6a848a629a242ce2ecd730d12f5e3e9315
setuptools==84.0.0 --hash=sha256:51a52592b3b99e102b609654876bd65f19f999935166d1352678931132b0c670
shap==0.52.0 --hash=sha256:07d44ace491ca6204dac6ce4fda128bcaeff27553a279bca67c55a14987cc957
shapely==2.1.2 --hash=sha256:743044b4cfb34f9a67205cee9279feaf60ba7d02e69febc2afc609047cb49179
shellingham==1.5.4 --hash=sha256:7ecfff8f2fd72616f7481040475a65b2bf8af90a56c89140852d1120324e8686
simpleitk==2.5.6 --hash=sha256:0002b298efb31332f99587cf26ed9f42c2c3ec006a0570f492dfc9ea27303d73
simpy==4.1.2 --hash=sha256:43071f84b6512c9b4fcb33ef057f240ccb1d1f3b263f9b4f9229d072e310b372
six==1.17.0 --hash=sha256:4721f391ed90541fddacab5acf947aa0d3dc7d27b2e1e8eda2be8970586c3274
slicer==0.0.8 --hash=sha256:6c206258543aecd010d497dc2eca9d2805860a0b3758673903456b7df7934dc3
sortedcontainers==2.4.0 --hash=sha256:a163dcaede0f1c021485e957a39245190e74249897e2ae4b2aa38595db237ee0
soupsieve==2.9.2 --hash=sha256:8089a26fd974ca7a1f30276d3d8492ab266ab15af581642dfe8aa162e0c1c823
spglib==2.7.0 --hash=sha256:d5729ff0040baae764c17249302cd99f0eb4e73449612a8c69d3e60a215f062e
sqlalchemy==2.0.52 --hash=sha256:2d5e53e36e37129fe0be8b9d08b6e4052c10a963ee6cda56c8c10dcc194b99ca
sse-starlette==3.4.11 --hash=sha256:c7b2244bdff016fe7f64e10075e89a3e6bbf899649cc89b0fe884b5545042453
stack-data==0.6.3 --hash=sha256:d5558e0c25a4cb0853cddad3d77da9891a08cb85dd9f9f91b9f8cd66e511e695
starlette==1.6.0 --hash=sha256:a86dd39d14bb45f85a3d18525215a9ef0cfd1f192ac793220e72598c90335f0c
statsmodels==0.15.0 --hash=sha256:ba89eb3ccb1c9c1e400d5081157305495b09350b3a65f2d66d3424ad1d3c4209
stdlib-list==0.12.0 --hash=sha256:df2d11e97f53812a1756fb5510393a11e3b389ebd9239dc831c7f349957f62f2
stevedore==5.9.1 --hash=sha256:5c8ff3a9f336cc1a06ac0f597bc79d11a2f950bfd32e290ca56b5a301fafafbf
structlog==26.1.0 --hash=sha256:e081a26d6c373e6d201eca24eede26d8ffab07f88f477822e679183428d3d91e
sympy==1.14.0 --hash=sha256:e091cc3e99d2141a0ba2847328f5479b05d94a6635cb96148ccb3f34671bd8f5
tabulate==0.10.0 --hash=sha256:f0b0622e567335c8fabaaa659f1b33bcb6ddfe2e496071b743aa113f8774f2d3
tblib==3.2.2 --hash=sha256:26bdccf339bcce6a88b2b5432c988b266ebbe63a4e593f6b578b1d2e723d2b76
tenacity==9.1.4 --hash=sha256:6095a360c919085f28c6527de529e76a06ad89b23659fa881ae0649b867a9d55
terminado==0.18.1 --hash=sha256:a4468e1b37bb318f8a86514f65814e1afc977cf29b3992a4500d9dd305dcceb0
texttable==1.7.0 --hash=sha256:72227d592c82b3d7f672731ae73e4d1f88cd8e2ef5b075a7a7f01a23a3743917
threadpoolctl==3.6.0 --hash=sha256:43a0b8fd5a2928500110039e43a5eed8480b918967083ea48dc3ab9f13c4a7fb
tifffile==2026.9.15 --hash=sha256:9a4a74671c72645e0d48372ff2d20ec1625b1cd52067a72fbd021435dd044794
tinycss2==1.5.1 --hash=sha256:3415ba0f5839c062696996998176c4a3751d18b7edaaeeb658c9ce21ec150661
tomli==2.2.1 --hash=sha256:7fc04e92e1d624a4a63c76474610238576942d6b8950a2d7f908a340494e67e4
toolz==1.1.0 --hash=sha256:15ccc861ac51c53696de0a5d6d4607f99c210739caf987b5d2054f3efed429d8
tornado==6.5.10 --hash=sha256:37ae8f150cecfdbf747fc4e12f5e9a97ecd8cf1d4cdb3f119e2de84b11196918
tqdm==4.70.0 --hash=sha256:7f585706bfddbdebf89daac705b2dfcc16890130727d3197ca62c732b4310953
traitlets==5.16.1 --hash=sha256:f775618166caa0396c8e337099240f2bd3e5e917d203b2e6fbe21a58d3cb1f6b
truststore==0.10.4 --hash=sha256:adaeaecf1cbb5f4de3b1959b42d41f6fab57b2b1666adb59e89cb0b53361d981
typeguard==4.6.0 --hash=sha256:79878165bb86f2cf5d41d159a0ff1792a796cf496882d2fe1b1c6c7049b9cdd7
typer==0.27.2 --hash=sha256:b3a5fc4342d5fc8fda8fc3010b1cf117e9249aab7fae800c2eff62fd3842d97d
typing-extensions==4.16.0 --hash=sha256:481caa481374e813c1b176ada14e97f1f67a4539ce9cfeb3f350d78d6370c2e8
typing-inspection==0.4.4 --hash=sha256:65b8397ba37ccbce054456aaccddfc91e6e3083c92824df348d96ca832f3f147
tzdata==2026.3 --hash=sha256:dc096730c87af6cab1b171c9d532be840741ff5d459015e7f6947bd7d7e54931
tzlocal==5.4.4 --hash=sha256:aae09f0126a8a86fa736be266eb4a471380d26a0de3bc14844e7821fee3e2a15
umap-learn==0.5.12 --hash=sha256:f2a85d2a2adcb52b541bed9b27a23ca169b56bb1b23283abeebfb8dfb8a42fe5
uncertainties==3.2.3 --hash=sha256:313353900d8f88b283c9bad81e7d2b2d3d4bcc330cbace35403faaed7e78890a
universal-pathlib==0.3.10 --hash=sha256:dfaf2fb35683d2eb1287a3ed7b215e4d6016aa6eaf339c607023d22f90821c66
uri-template==1.3.0 --hash=sha256:a44a133ea12d44a0c0f06d7d42a52d71282e77e2f937d8abd5655b8d56fc1363
url-normalize==3.0.0 --hash=sha256:95234bd359f86831c1fd87c248877f2a6887db2f3b5087120083f2fffcba4889
urllib3==2.7.0 --hash=sha256:9fb4c81ebbb1ce9531cce37674bbc6f1360472bc18ca9a553ede278ef7276897
uvicorn==0.52.4 --hash=sha256:f86e41a149d7d05a9969337e3946a9c171c06a5d42680896daaba624aeac8da1
wcwidth==0.8.3 --hash=sha256:d5b73dba6158a595ec9370350e7f2637bcac8d6c5e4fde34f30fcffb6103a5e4
webcolors==25.10.0 --hash=sha256:032c727334856fc0b968f63daa252a1ac93d33db2f5267756623c210e57a4f1d
webencodings==0.6.1 --hash=sha256:7fab6269c8bf237c657876b52058ccb182e861518d1c695c1a9aaa8c1c105d5b
websocket-client==1.9.2 --hash=sha256:e1a673830a9c7bfa47b1cd3d5e4178f4c9651d80a4eab02c9c23a1c3ec6250ce
whenever==0.10.5 --hash=sha256:6aebdae551180daea9bf02c861af0cd1c48ad83955166c582a223f7b62eff73a
widgetsnbextension==4.0.16 --hash=sha256:a31a8774885b96fe825462f5d6496166f0c7cae111195b6465c801d230eb5a4e
win32-setctime==1.2.0 --hash=sha256:95d644c4e708aba81dc3704a116d8cbc974d70b3bdb8be1d150e36be6e9d1390
wrapt==2.4.0 --hash=sha256:8b464316489fb2fca0669ea0f8f07290054a0f26fc72982d3e4cf95469628ba9
xarray==2026.7.0 --hash=sha256:bf9dd130b93806dc78e90c1b7ac24851b31557b888674c53622235691cf21824
xarray-einstats==0.11.0 --hash=sha256:9dc8372aeb5db233054ddde4e57cbbcd1eee6c2e1b6bbe85863881c09b4421b3
xgboost==3.4.1 --hash=sha256:2d30fa513673101f542fdcbd18f30c8f96c064046f798635ac08663e9969f81b
xlrd==2.0.2 --hash=sha256:ea762c3d29f4cca48d82df517b6d89fbce4db3107f9d78713e48cd321d5c9aa9
xlsxwriter==3.2.9 --hash=sha256:9a5db42bc5dff014806c58a20b9eae7322a134abb6fce3c92c181bfb275ec5b3
yarl==1.25.1 --hash=sha256:7d575b54cb3863ef9bc290ea4b009999d55dc237326131e4853cf33e888fee03
zarr==3.3.0 --hash=sha256:323bf5366d4f909052ef6e2e03e7481a7434c3ee75d3a981eb3a71fc1ae22cef
zict==3.0.0 --hash=sha256:5796e36bd0e0cc8cf0fbc1ace6a68912611c1dbd74750a3f3026b9b9d6a327ae
